
Microsoft Visual Studio Solution File, Format Version 12.00
# Visual Studio Version 17
VisualStudioVersion = 17.5.33502.453
MinimumVisualStudioVersion = 10.0.40219.1
Project("{FAE04EC0-301F-11D3-BF4B-00C04F79EFBC}") = "DriftNews", "DriftNews.csproj", "{5605F49F-51EA-4EDC-A99E-5BAFB8D8FF3C}"
EndProject
Project("{FAE04EC0-301F-11D3-BF4B-00C04F79EFBC}") = "DriftNewsParser", "..\DriftNewsParser\DriftNewsParser.csproj", "{64811D99-BB85-417F-AD10-DAF28B97E3F5}"
EndProject
Global
	GlobalSection(SolutionConfigurationPlatforms) = preSolution
		Debug|Any CPU = Debug|Any CPU
		Release|Any CPU = Release|Any CPU
	EndGlobalSection
	GlobalSection(ProjectConfigurationPlatforms) = postSolution
		{5605F49F-51EA-4EDC-A99E-5BAFB8D8FF3C}.Debug|Any CPU.ActiveCfg = Debug|Any CPU
		{5605F49F-51EA-4EDC-A99E-5BAFB8D8FF3C}.Debug|Any CPU.Build.0 = Debug|Any CPU
		{5605F49F-51EA-4EDC-A99E-5BAFB8D8FF3C}.Release|Any CPU.ActiveCfg = Release|Any CPU
		{5605F49F-51EA-4EDC-A99E-5BAFB8D8FF3C}.Release|Any CPU.Build.0 = Release|Any CPU
		{64811D99-BB85-417F-AD10-DAF28B97E3F5}.Debug|Any CPU.ActiveCfg = Debug|Any CPU
		{64811D99-BB85-417F-AD10-DAF28B97E3F5}.Debug|Any CPU.Build.0 = Debug|Any CPU
		{64811D99-BB85-417F-AD10-DAF28B97E3F5}.Release|Any CPU.ActiveCfg = Release|Any CPU
		{64811D99-BB85-417F-AD10-DAF28B97E3F5}.Release|Any CPU.Build.0 = Release|Any CPU
	EndGlobalSection
	GlobalSection(SolutionProperties) = preSolution
		HideSolutionNode = FALSE
	EndGlobalSection
	GlobalSection(ExtensibilityGlobals) = postSolution
		SolutionGuid = {F0D97ECC-6DA8-4ED3-8EF4-244A18558D03}
	EndGlobalSection
EndGlobal
